// !$*UTF8*$!
{
	archiveVersion = 1;
	classes = {
	};
	objectVersion = 54;
	objects = {

/* Begin PBXBuildFile section */
		260FF98403C05FC7FBEFB721 /* PopupView.swift in Sources */ = {isa = PBXBuildFile; fileRef = 7590202B1BE4A2A5ABF0BC0C /* PopupView.swift */; };
		3151F430EA7228D4E3916210 /* ZzzWidget.swift in Sources */ = {isa = PBXBuildFile; fileRef = 68291A36C6F05E7EFD4A91A5 /* ZzzWidget.swift */; };
		417A536A81555600A6EB303D /* StatusBarController.swift in Sources */ = {isa = PBXBuildFile; fileRef = 965D1B616165DF1B033F08D4 /* StatusBarController.swift */; };
		882F876B3FBFABB827548583 /* BedtimeManager.swift in Sources */ = {isa = PBXBuildFile; fileRef = 803D5C9007280CA0F0EEE7CF /* BedtimeManager.swift */; };
		A45CD8C5E20C349F5A613A10 /* ZzzWidget.appex in Embed Foundation Extensions */ = {isa = PBXBuildFile; fileRef = ECA2293C139333A1D9569F36 /* ZzzWidget.appex */; settings = {ATTRIBUTES = (RemoveHeadersOnCopy, ); }; };
		AE6F25B2E10A0373036F11ED /* BedtimeManager.swift in Sources */ = {isa = PBXBuildFile; fileRef = 803D5C9007280CA0F0EEE7CF /* BedtimeManager.swift */; };
		BBB424DA3DAF75979EBBAA15 /* AppDelegate.swift in Sources */ = {isa = PBXBuildFile; fileRef = FC3A205BD7386C8405912B20 /* AppDelegate.swift */; };
		C3A57AECFE8EF3A101E5735B /* ZzzApp.swift in Sources */ = {isa = PBXBuildFile; fileRef = 3C850A113C2F33037412F834 /* ZzzApp.swift */; };
/* End PBXBuildFile section */

/* Begin PBXContainerItemProxy section */
		457A7E00CE9F7ABD5D7A289C /* PBXContainerItemProxy */ = {
			isa = PBXContainerItemProxy;
			containerPortal = BE1CD613BBBA578EF002EEA8 /* Project object */;
			proxyType = 1;
			remoteGlobalIDString = 5BF9D43B7D26423B318C8581;
			remoteInfo = ZzzWidget;
		};
/* End PBXContainerItemProxy section */

/* Begin PBXCopyFilesBuildPhase section */
		D02FCD8F4EB7B4D1A139CA3B /* Embed Foundation Extensions */ = {
			isa = PBXCopyFilesBuildPhase;
			buildActionMask = 2147483647;
			dstPath = "";
			dstSubfolderSpec = 13;
			files = (
				A45CD8C5E20C349F5A613A10 /* ZzzWidget.appex in Embed Foundation Extensions */,
			);
			name = "Embed Foundation Extensions";
			runOnlyForDeploymentPostprocessing = 0;
		};
/* End PBXCopyFilesBuildPhase section */

/* Begin PBXFileReference section */
		3C850A113C2F33037412F834 /* ZzzApp.swift */ = {isa = PBXFileReference; lastKnownFileType = sourcecode.swift; path = ZzzApp.swift; sourceTree = "<group>"; };
		68291A36C6F05E7EFD4A91A5 /* ZzzWidget.swift */ = {isa = PBXFileReference; lastKnownFileType = sourcecode.swift; path = ZzzWidget.swift; sourceTree = "<group>"; };
		7590202B1BE4A2A5ABF0BC0C /* PopupView.swift */ = {isa = PBXFileReference; lastKnownFileType = sourcecode.swift; path = PopupView.swift; sourceTree = "<group>"; };
		803D5C9007280CA0F0EEE7CF /* BedtimeManager.swift */ = {isa = PBXFileReference; lastKnownFileType = sourcecode.swift; path = BedtimeManager.swift; sourceTree = "<group>"; };
		965D1B616165DF1B033F08D4 /* StatusBarController.swift */ = {isa = PBXFileReference; lastKnownFileType = sourcecode.swift; path = StatusBarController.swift; sourceTree = "<group>"; };
		AEC808595BF87CEE8D809D64 /* Zzz.app */ = {isa = PBXFileReference; explicitFileType = wrapper.application; includeInIndex = 0; path = Zzz.app; sourceTree = BUILT_PRODUCTS_DIR; };
		ECA2293C139333A1D9569F36 /* ZzzWidget.appex */ = {isa = PBXFileReference; explicitFileType = "wrapper.app-extension"; includeInIndex = 0; path = ZzzWidget.appex; sourceTree = BUILT_PRODUCTS_DIR; };
		FC3A205BD7386C8405912B20 /* AppDelegate.swift */ = {isa = PBXFileReference; lastKnownFileType = sourcecode.swift; path = AppDelegate.swift; sourceTree = "<group>"; };
/* End PBXFileReference section */

/* Begin PBXGroup section */
		403938426FC7B88A7BB18383 /* Sources */ = {
			isa = PBXGroup;
			children = (
				FC3A205BD7386C8405912B20 /* AppDelegate.swift */,
				803D5C9007280CA0F0EEE7CF /* BedtimeManager.swift */,
				7590202B1BE4A2A5ABF0BC0C /* PopupView.swift */,
				965D1B616165DF1B033F08D4 /* StatusBarController.swift */,
				3C850A113C2F33037412F834 /* ZzzApp.swift */,
			);
			path = Sources;
			sourceTree = "<group>";
		};
		67873D25BDEB0A40A0A59913 /* Products */ = {
			isa = PBXGroup;
			children = (
				AEC808595BF87CEE8D809D64 /* Zzz.app */,
				ECA2293C139333A1D9569F36 /* ZzzWidget.appex */,
			);
			name = Products;
			sourceTree = "<group>";
		};
		8EBA43BFBD0738AEFA9B641F /* Widget */ = {
			isa = PBXGroup;
			children = (
				68291A36C6F05E7EFD4A91A5 /* ZzzWidget.swift */,
			);
			name = Widget;
			path = Sources/Widget;
			sourceTree = "<group>";
		};
		FFF3C9824EEEC986FF6ADC1E = {
			isa = PBXGroup;
			children = (
				403938426FC7B88A7BB18383 /* Sources */,
				8EBA43BFBD0738AEFA9B641F /* Widget */,
				67873D25BDEB0A40A0A59913 /* Products */,
			);
			sourceTree = "<group>";
		};
/* End PBXGroup section */

/* Begin PBXNativeTarget section */
		5BF9D43B7D26423B318C8581 /* ZzzWidget */ = {
			isa = PBXNativeTarget;
			buildConfigurationList = 9EDCD2EA0A17E9DB2AD3C031 /* Build configuration list for PBXNativeTarget "ZzzWidget" */;
			buildPhases = (
				059EE666D409277AFD3C2633 /* Sources */,
			);
			buildRules = (
			);
			dependencies = (
			);
			name = ZzzWidget;
			packageProductDependencies = (
			);
			productName = ZzzWidget;
			productReference = ECA2293C139333A1D9569F36 /* ZzzWidget.appex */;
			productType = "com.apple.product-type.app-extension";
		};
		7018F4350AC955C5A66593C5 /* Zzz */ = {
			isa = PBXNativeTarget;
			buildConfigurationList = 0D19B6CEF1FFCD2DE588B12F /* Build configuration list for PBXNativeTarget "Zzz" */;
			buildPhases = (
				F33DCC2F781F2D9146F0ED85 /* Sources */,
				D02FCD8F4EB7B4D1A139CA3B /* Embed Foundation Extensions */,
			);
			buildRules = (
			);
			dependencies = (
				8257B68E7921884B79D00319 /* PBXTargetDependency */,
			);
			name = Zzz;
			packageProductDependencies = (
			);
			productName = Zzz;
			productReference = AEC808595BF87CEE8D809D64 /* Zzz.app */;
			productType = "com.apple.product-type.application";
		};
/* End PBXNativeTarget section */

/* Begin PBXProject section */
		BE1CD613BBBA578EF002EEA8 /* Project object */ = {
			isa = PBXProject;
			attributes = {
				BuildIndependentTargetsInParallel = YES;
				LastUpgradeCheck = 1500;
				TargetAttributes = {
					5BF9D43B7D26423B318C8581 = {
						DevelopmentTeam = "";
						ProvisioningStyle = Manual;
					};
					7018F4350AC955C5A66593C5 = {
						DevelopmentTeam = "";
						ProvisioningStyle = Manual;
					};
				};
			};
			buildConfigurationList = 8CB56324E254EF5DB35FD1E8 /* Build configuration list for PBXProject "Zzz" */;
			compatibilityVersion = "Xcode 14.0";
			developmentRegion = en;
			hasScannedForEncodings = 0;
			knownRegions = (
				Base,
				en,
			);
			mainGroup = FFF3C9824EEEC986FF6ADC1E;
			minimizedProjectReferenceProxies = 1;
			preferredProjectObjectVersion = 54;
			projectDirPath = "";
			projectRoot = "";
			targets = (
				7018F4350AC955C5A66593C5 /* Zzz */,
				5BF9D43B7D26423B318C8581 /* ZzzWidget */,
			);
		};
/* End PBXProject section */

/* Begin PBXSourcesBuildPhase section */
		059EE666D409277AFD3C2633 /* Sources */ = {
			isa = PBXSourcesBuildPhase;
			buildActionMask = 2147483647;
			files = (
				AE6F25B2E10A0373036F11ED /* BedtimeManager.swift in Sources */,
				3151F430EA7228D4E3916210 /* ZzzWidget.swift in Sources */,
			);
			runOnlyForDeploymentPostprocessing = 0;
		};
		F33DCC2F781F2D9146F0ED85 /* Sources */ = {
			isa = PBXSourcesBuildPhase;
			buildActionMask = 2147483647;
			files = (
				BBB424DA3DAF75979EBBAA15 /* AppDelegate.swift in Sources */,
				882F876B3FBFABB827548583 /* BedtimeManager.swift in Sources */,
				260FF98403C05FC7FBEFB721 /* PopupView.swift in Sources */,
				417A536A81555600A6EB303D /* StatusBarController.swift in Sources */,
				C3A57AECFE8EF3A101E5735B /* ZzzApp.swift in Sources */,
			);
			runOnlyForDeploymentPostprocessing = 0;
		};
/* End PBXSourcesBuildPhase section */

/* Begin PBXTargetDependency section */
		8257B68E7921884B79D00319 /* PBXTargetDependency */ = {
			isa = PBXTargetDependency;
			target = 5BF9D43B7D26423B318C8581 /* ZzzWidget */;
			targetProxy = 457A7E00CE9F7ABD5D7A289C /* PBXContainerItemProxy */;
		};
/* End PBXTargetDependency section */

/* Begin XCBuildConfiguration section */
		106BDCACBA5E8F91EA40D392 /* Debug */ = {
			isa = XCBuildConfiguration;
			buildSettings = {
				ASSETCATALOG_COMPILER_APPICON_NAME = AppIcon;
				CODE_SIGN_ENTITLEMENTS = Resources/Zzz.entitlements;
				COMBINE_HIDPI_IMAGES = YES;
				INFOPLIST_FILE = Resources/Info.plist;
				LD_RUNPATH_SEARCH_PATHS = "$(inherited) @executable_path/../Frameworks";
				LSUIElement = YES;
				PRODUCT_BUNDLE_IDENTIFIER = space.kev1nweng.zzz;
				SDKROOT = macosx;
			};
			name = Debug;
		};
		22DFAB1E4E01DCD502607C01 /* Release */ = {
			isa = XCBuildConfiguration;
			buildSettings = {
				ALWAYS_SEARCH_USER_PATHS = NO;
				CLANG_ANALYZER_NONNULL = YES;
				CLANG_ANALYZER_NUMBER_OBJECT_CONVERSION = YES_AGGRESSIVE;
				CLANG_CXX_LANGUAGE_STANDARD = "gnu++14";
				CLANG_CXX_LIBRARY = "libc++";
				CLANG_ENABLE_MODULES = YES;
				CLANG_ENABLE_OBJC_ARC = YES;
				CLANG_ENABLE_OBJC_WEAK = YES;
				CLANG_WARN_BLOCK_CAPTURE_AUTORELEASING = YES;
				CLANG_WARN_BOOL_CONVERSION = YES;
				CLANG_WARN_COMMA = YES;
				CLANG_WARN_CONSTANT_CONVERSION = YES;
				CLANG_WARN_DEPRECATED_OBJC_IMPLEMENTATIONS = YES;
				CLANG_WARN_DIRECT_OBJC_ISA_USAGE = YES_ERROR;
				CLANG_WARN_DOCUMENTATION_COMMENTS = YES;
				CLANG_WARN_EMPTY_BODY = YES;
				CLANG_WARN_ENUM_CONVERSION = YES;
				CLANG_WARN_INFINITE_RECURSION = YES;
				CLANG_WARN_INT_CONVERSION = YES;
				CLANG_WARN_NON_LITERAL_NULL_CONVERSION = YES;
				CLANG_WARN_OBJC_IMPLICIT_RETAIN_SELF = YES;
				CLANG_WARN_OBJC_LITERAL_CONVERSION = YES;
				CLANG_WARN_OBJC_ROOT_CLASS = YES_ERROR;
				CLANG_WARN_QUOTED_INCLUDE_IN_FRAMEWORK_HEADER = YES;
				CLANG_WARN_RANGE_LOOP_ANALYSIS = YES;
				CLANG_WARN_STRICT_PROTOTYPES = YES;
				CLANG_WARN_SUSPICIOUS_MOVE = YES;
				CLANG_WARN_UNGUARDED_AVAILABILITY = YES_AGGRESSIVE;
				CLANG_WARN_UNREACHABLE_CODE = YES;
				CLANG_WARN__DUPLICATE_METHOD_MATCH = YES;
				CODE_SIGN_ALLOW_ENTITLEMENTS_MODIFICATION = YES;
				CODE_SIGN_IDENTITY = "-";
				CODE_SIGN_STYLE = Manual;
				COPY_PHASE_STRIP = NO;
				CURRENT_PROJECT_VERSION = 1;
				DEBUG_INFORMATION_FORMAT = "dwarf-with-dsym";
				DEVELOPMENT_TEAM = "";
				ENABLE_NS_ASSERTIONS = NO;
				ENABLE_STRICT_OBJC_MSGSEND = YES;
				GCC_C_LANGUAGE_STANDARD = gnu11;
				GCC_NO_COMMON_BLOCKS = YES;
				GCC_WARN_64_TO_32_BIT_CONVERSION = YES;
				GCC_WARN_ABOUT_RETURN_TYPE = YES_ERROR;
				GCC_WARN_UNDECLARED_SELECTOR = YES;
				GCC_WARN_UNINITIALIZED_AUTOS = YES_AGGRESSIVE;
				GCC_WARN_UNUSED_FUNCTION = YES;
				GCC_WARN_UNUSED_VARIABLE = YES;
				MACOSX_DEPLOYMENT_TARGET = 14.0;
				MARKETING_VERSION = 0.1.0;
				MTL_ENABLE_DEBUG_INFO = NO;
				MTL_FAST_MATH = YES;
				PRODUCT_NAME = Zzz;
				SDKROOT = macosx;
				SWIFT_COMPILATION_MODE = wholemodule;
				SWIFT_OPTIMIZATION_LEVEL = "-O";
				SWIFT_VERSION = 5.9;
			};
			name = Release;
		};
		2EB1091087F6D17D246F0650 /* Release */ = {
			isa = XCBuildConfiguration;
			buildSettings = {
				ASSETCATALOG_COMPILER_APPICON_NAME = AppIcon;
				CODE_SIGN_ENTITLEMENTS = Resources/Zzz.entitlements;
				COMBINE_HIDPI_IMAGES = YES;
				INFOPLIST_FILE = Resources/Info.plist;
				LD_RUNPATH_SEARCH_PATHS = "$(inherited) @executable_path/../Frameworks";
				LSUIElement = YES;
				PRODUCT_BUNDLE_IDENTIFIER = space.kev1nweng.zzz;
				SDKROOT = macosx;
			};
			name = Release;
		};
		3192498F16344798D06F1FA4 /* Debug */ = {
			isa = XCBuildConfiguration;
			buildSettings = {
				ASSETCATALOG_COMPILER_APPICON_NAME = AppIcon;
				CODE_SIGN_ENTITLEMENTS = Resources/Zzz.entitlements;
				COMBINE_HIDPI_IMAGES = YES;
				GENERATE_INFOPLIST_FILE = YES;
				INFOPLIST_FILE = "Resources/Widget-Info.plist";
				LD_RUNPATH_SEARCH_PATHS = (
					"$(inherited)",
					"@executable_path/../Frameworks",
					"@executable_path/../../../../Frameworks",
				);
				PRODUCT_BUNDLE_IDENTIFIER = space.kev1nweng.zzz.widget;
				PRODUCT_NAME = ZzzWidget;
				SDKROOT = macosx;
			};
			name = Debug;
		};
		7D8CFC74EB87133EDB6C56C9 /* Debug */ = {
			isa = XCBuildConfiguration;
			buildSettings = {
				ALWAYS_SEARCH_USER_PATHS = NO;
				CLANG_ANALYZER_NONNULL = YES;
				CLANG_ANALYZER_NUMBER_OBJECT_CONVERSION = YES_AGGRESSIVE;
				CLANG_CXX_LANGUAGE_STANDARD = "gnu++14";
				CLANG_CXX_LIBRARY = "libc++";
				CLANG_ENABLE_MODULES = YES;
				CLANG_ENABLE_OBJC_ARC = YES;
				CLANG_ENABLE_OBJC_WEAK = YES;
				CLANG_WARN_BLOCK_CAPTURE_AUTORELEASING = YES;
				CLANG_WARN_BOOL_CONVERSION = YES;
				CLANG_WARN_COMMA = YES;
				CLANG_WARN_CONSTANT_CONVERSION = YES;
				CLANG_WARN_DEPRECATED_OBJC_IMPLEMENTATIONS = YES;
				CLANG_WARN_DIRECT_OBJC_ISA_USAGE = YES_ERROR;
				CLANG_WARN_DOCUMENTATION_COMMENTS = YES;
				CLANG_WARN_EMPTY_BODY = YES;
				CLANG_WARN_ENUM_CONVERSION = YES;
				CLANG_WARN_INFINITE_RECURSION = YES;
				CLANG_WARN_INT_CONVERSION = YES;
				CLANG_WARN_NON_LITERAL_NULL_CONVERSION = YES;
				CLANG_WARN_OBJC_IMPLICIT_RETAIN_SELF = YES;
				CLANG_WARN_OBJC_LITERAL_CONVERSION = YES;
				CLANG_WARN_OBJC_ROOT_CLASS = YES_ERROR;
				CLANG_WARN_QUOTED_INCLUDE_IN_FRAMEWORK_HEADER = YES;
				CLANG_WARN_RANGE_LOOP_ANALYSIS = YES;
				CLANG_WARN_STRICT_PROTOTYPES = YES;
				CLANG_WARN_SUSPICIOUS_MOVE = YES;
				CLANG_WARN_UNGUARDED_AVAILABILITY = YES_AGGRESSIVE;
				CLANG_WARN_UNREACHABLE_CODE = YES;
				CLANG_WARN__DUPLICATE_METHOD_MATCH = YES;
				CODE_SIGN_ALLOW_ENTITLEMENTS_MODIFICATION = YES;
				CODE_SIGN_IDENTITY = "-";
				CODE_SIGN_STYLE = Manual;
				COPY_PHASE_STRIP = NO;
				CURRENT_PROJECT_VERSION = 1;
				DEBUG_INFORMATION_FORMAT = dwarf;
				DEVELOPMENT_TEAM = "";
				ENABLE_STRICT_OBJC_MSGSEND = YES;
				ENABLE_TESTABILITY = YES;
				GCC_C_LANGUAGE_STANDARD = gnu11;
				GCC_DYNAMIC_NO_PIC = NO;
				GCC_NO_COMMON_BLOCKS = YES;
				GCC_OPTIMIZATION_LEVEL = 0;
				GCC_PREPROCESSOR_DEFINITIONS = (
					"$(inherited)",
					"DEBUG=1",
				);
				GCC_WARN_64_TO_32_BIT_CONVERSION = YES;
				GCC_WARN_ABOUT_RETURN_TYPE = YES_ERROR;
				GCC_WARN_UNDECLARED_SELECTOR = YES;
				GCC_WARN_UNINITIALIZED_AUTOS = YES_AGGRESSIVE;
				GCC_WARN_UNUSED_FUNCTION = YES;
				GCC_WARN_UNUSED_VARIABLE = YES;
				MACOSX_DEPLOYMENT_TARGET = 14.0;
				MARKETING_VERSION = 0.1.0;
				MTL_ENABLE_DEBUG_INFO = INCLUDE_SOURCE;
				MTL_FAST_MATH = YES;
				ONLY_ACTIVE_ARCH = YES;
				PRODUCT_NAME = Zzz;
				SDKROOT = macosx;
				SWIFT_ACTIVE_COMPILATION_CONDITIONS = DEBUG;
				SWIFT_OPTIMIZATION_LEVEL = "-Onone";
				SWIFT_VERSION = 5.9;
			};
			name = Debug;
		};
		94E602067A9B418AC25CBDD8 /* Release */ = {
			isa = XCBuildConfiguration;
			buildSettings = {
				ASSETCATALOG_COMPILER_APPICON_NAME = AppIcon;
				CODE_SIGN_ENTITLEMENTS = Resources/Zzz.entitlements;
				COMBINE_HIDPI_IMAGES = YES;
				GENERATE_INFOPLIST_FILE = YES;
				INFOPLIST_FILE = "Resources/Widget-Info.plist";
				LD_RUNPATH_SEARCH_PATHS = (
					"$(inherited)",
					"@executable_path/../Frameworks",
					"@executable_path/../../../../Frameworks",
				);
				PRODUCT_BUNDLE_IDENTIFIER = space.kev1nweng.zzz.widget;
				PRODUCT_NAME = ZzzWidget;
				SDKROOT = macosx;
			};
			name = Release;
		};
/* End XCBuildConfiguration section */

/* Begin XCConfigurationList section */
		0D19B6CEF1FFCD2DE588B12F /* Build configuration list for PBXNativeTarget "Zzz" */ = {
			isa = XCConfigurationList;
			buildConfigurations = (
				106BDCACBA5E8F91EA40D392 /* Debug */,
				2EB1091087F6D17D246F0650 /* Release */,
			);
			defaultConfigurationIsVisible = 0;
			defaultConfigurationName = Debug;
		};
		8CB56324E254EF5DB35FD1E8 /* Build configuration list for PBXProject "Zzz" */ = {
			isa = XCConfigurationList;
			buildConfigurations = (
				7D8CFC74EB87133EDB6C56C9 /* Debug */,
				22DFAB1E4E01DCD502607C01 /* Release */,
			);
			defaultConfigurationIsVisible = 0;
			defaultConfigurationName = Debug;
		};
		9EDCD2EA0A17E9DB2AD3C031 /* Build configuration list for PBXNativeTarget "ZzzWidget" */ = {
			isa = XCConfigurationList;
			buildConfigurations = (
				3192498F16344798D06F1FA4 /* Debug */,
				94E602067A9B418AC25CBDD8 /* Release */,
			);
			defaultConfigurationIsVisible = 0;
			defaultConfigurationName = Debug;
		};
/* End XCConfigurationList section */
	};
	rootObject = BE1CD613BBBA578EF002EEA8 /* Project object */;
}
